
Microsoft Visual Studio Solution File, Format Version 12.00
Project("{FAE04EC0-301F-11D3-BF4B-00C04F79EFBC}") = "NM.Studio.API", "NM.Studio.API\NM.Studio.API.csproj", "{BF4B4442-7815-49F7-81BA-8F6FED483930}"
EndProject
Project("{2150E333-8FDC-42A3-9474-1A3956D46DE8}") = "Business", "Business", "{49FFE3FF-40CC-4C76-8B5E-740B15EB8086}"
EndProject
Project("{2150E333-8FDC-42A3-9474-1A3956D46DE8}") = "Data", "Data", "{04BDCF39-5F78-44C7-A6AD-334CAEB2038B}"
EndProject
Project("{2150E333-8FDC-42A3-9474-1A3956D46DE8}") = "UnitTests", "UnitTests", "{CD519F9A-9E6F-412F-8F58-61361D84462B}"
EndProject
Project("{FAE04EC0-301F-11D3-BF4B-00C04F79EFBC}") = "NM.Studio.Domain", "NM.Studio.Domain\NM.Studio.Domain.csproj", "{CE44E343-97C0-4468-B23A-651EE6717291}"
EndProject
Project("{FAE04EC0-301F-11D3-BF4B-00C04F79EFBC}") = "NM.Studio.Handler", "NM.Studio.Handler\NM.Studio.Handler.csproj", "{94EFFCF3-27BF-4DC3-9724-1FFD29429A8E}"
EndProject
Project("{FAE04EC0-301F-11D3-BF4B-00C04F79EFBC}") = "NM.Studio.Services", "NM.Studio.Services\NM.Studio.Services.csproj", "{345527D7-45FB-49A8-9AEB-A1358391EB28}"
EndProject
Project("{FAE04EC0-301F-11D3-BF4B-00C04F79EFBC}") = "NM.Studio.Validations", "NM.Studio.Validations\NM.Studio.Validations.csproj", "{2B10B263-086B-48E0-95EB-4B389A6ECEF9}"
EndProject
Project("{FAE04EC0-301F-11D3-BF4B-00C04F79EFBC}") = "NM.Studio.Data", "NM.Studio.Data\NM.Studio.Data.csproj", "{AFF88665-A401-48A2-A152-840DBF12B01D}"
EndProject
Global
	GlobalSection(SolutionConfigurationPlatforms) = preSolution
		Debug|Any CPU = Debug|Any CPU
		Release|Any CPU = Release|Any CPU
	EndGlobalSection
	GlobalSection(ProjectConfigurationPlatforms) = postSolution
		{BF4B4442-7815-49F7-81BA-8F6FED483930}.Debug|Any CPU.ActiveCfg = Debug|Any CPU
		{BF4B4442-7815-49F7-81BA-8F6FED483930}.Debug|Any CPU.Build.0 = Debug|Any CPU
		{BF4B4442-7815-49F7-81BA-8F6FED483930}.Release|Any CPU.ActiveCfg = Release|Any CPU
		{BF4B4442-7815-49F7-81BA-8F6FED483930}.Release|Any CPU.Build.0 = Release|Any CPU
		{CE44E343-97C0-4468-B23A-651EE6717291}.Debug|Any CPU.ActiveCfg = Debug|Any CPU
		{CE44E343-97C0-4468-B23A-651EE6717291}.Debug|Any CPU.Build.0 = Debug|Any CPU
		{CE44E343-97C0-4468-B23A-651EE6717291}.Release|Any CPU.ActiveCfg = Release|Any CPU
		{CE44E343-97C0-4468-B23A-651EE6717291}.Release|Any CPU.Build.0 = Release|Any CPU
		{94EFFCF3-27BF-4DC3-9724-1FFD29429A8E}.Debug|Any CPU.ActiveCfg = Debug|Any CPU
		{94EFFCF3-27BF-4DC3-9724-1FFD29429A8E}.Debug|Any CPU.Build.0 = Debug|Any CPU
		{94EFFCF3-27BF-4DC3-9724-1FFD29429A8E}.Release|Any CPU.ActiveCfg = Release|Any CPU
		{94EFFCF3-27BF-4DC3-9724-1FFD29429A8E}.Release|Any CPU.Build.0 = Release|Any CPU
		{345527D7-45FB-49A8-9AEB-A1358391EB28}.Debug|Any CPU.ActiveCfg = Debug|Any CPU
		{345527D7-45FB-49A8-9AEB-A1358391EB28}.Debug|Any CPU.Build.0 = Debug|Any CPU
		{345527D7-45FB-49A8-9AEB-A1358391EB28}.Release|Any CPU.ActiveCfg = Release|Any CPU
		{345527D7-45FB-49A8-9AEB-A1358391EB28}.Release|Any CPU.Build.0 = Release|Any CPU
		{2B10B263-086B-48E0-95EB-4B389A6ECEF9}.Debug|Any CPU.ActiveCfg = Debug|Any CPU
		{2B10B263-086B-48E0-95EB-4B389A6ECEF9}.Debug|Any CPU.Build.0 = Debug|Any CPU
		{2B10B263-086B-48E0-95EB-4B389A6ECEF9}.Release|Any CPU.ActiveCfg = Release|Any CPU
		{2B10B263-086B-48E0-95EB-4B389A6ECEF9}.Release|Any CPU.Build.0 = Release|Any CPU
		{AFF88665-A401-48A2-A152-840DBF12B01D}.Debug|Any CPU.ActiveCfg = Debug|Any CPU
		{AFF88665-A401-48A2-A152-840DBF12B01D}.Debug|Any CPU.Build.0 = Debug|Any CPU
		{AFF88665-A401-48A2-A152-840DBF12B01D}.Release|Any CPU.ActiveCfg = Release|Any CPU
		{AFF88665-A401-48A2-A152-840DBF12B01D}.Release|Any CPU.Build.0 = Release|Any CPU
	EndGlobalSection
	GlobalSection(NestedProjects) = preSolution
		{CE44E343-97C0-4468-B23A-651EE6717291} = {49FFE3FF-40CC-4C76-8B5E-740B15EB8086}
		{94EFFCF3-27BF-4DC3-9724-1FFD29429A8E} = {49FFE3FF-40CC-4C76-8B5E-740B15EB8086}
		{345527D7-45FB-49A8-9AEB-A1358391EB28} = {49FFE3FF-40CC-4C76-8B5E-740B15EB8086}
		{2B10B263-086B-48E0-95EB-4B389A6ECEF9} = {49FFE3FF-40CC-4C76-8B5E-740B15EB8086}
		{AFF88665-A401-48A2-A152-840DBF12B01D} = {04BDCF39-5F78-44C7-A6AD-334CAEB2038B}
	EndGlobalSection
EndGlobal
